
Microsoft Visual Studio Solution File, Format Version 10.00
# Visual Studio 2008
# SharpDevelop 3.2.1.6466
Project("{FAE04EC0-301F-11D3-BF4B-00C04F79EFBC}") = "Confuser_Methods_Decryptor", "Confuser_Methods_Decryptor\Confuser_Methods_Decryptor.csproj", "{13B4F697-9A2D-41EC-B6DF-DFF2C22868DC}"
EndProject
Global
	GlobalSection(SolutionConfigurationPlatforms) = preSolution
		Debug|x86 = Debug|x86
		Release|x86 = Release|x86
	EndGlobalSection
	GlobalSection(ProjectConfigurationPlatforms) = postSolution
		{13B4F697-9A2D-41EC-B6DF-DFF2C22868DC}.Debug|x86.Build.0 = Debug|x86
		{13B4F697-9A2D-41EC-B6DF-DFF2C22868DC}.Debug|x86.ActiveCfg = Debug|x86
		{13B4F697-9A2D-41EC-B6DF-DFF2C22868DC}.Release|x86.Build.0 = Release|x86
		{13B4F697-9A2D-41EC-B6DF-DFF2C22868DC}.Release|x86.ActiveCfg = Release|x86
	EndGlobalSection
EndGlobal
